
Microsoft Visual Studio Solution File, Format Version 12.00
# Visual Studio Version 16
VisualStudioVersion = 16.0.30523.141
MinimumVisualStudioVersion = 10.0.40219.1
Project("{FAE04EC0-301F-11D3-BF4B-00C04F79EFBC}") = "ThapHaNoi", "ThapHaNoi.csproj", "{782071B0-2388-4BF4-BAA9-7BF9371D0E18}"
EndProject
Global
	GlobalSection(SolutionConfigurationPlatforms) = preSolution
		Debug|Any CPU = Debug|Any CPU
		Release|Any CPU = Release|Any CPU
	EndGlobalSection
	GlobalSection(ProjectConfigurationPlatforms) = postSolution
		{782071B0-2388-4BF4-BAA9-7BF9371D0E18}.Debug|Any CPU.ActiveCfg = Debug|Any CPU
		{782071B0-2388-4BF4-BAA9-7BF9371D0E18}.Debug|Any CPU.Build.0 = Debug|Any CPU
		{782071B0-2388-4BF4-BAA9-7BF9371D0E18}.Release|Any CPU.ActiveCfg = Release|Any CPU
		{782071B0-2388-4BF4-BAA9-7BF9371D0E18}.Release|Any CPU.Build.0 = Release|Any CPU
	EndGlobalSection
	GlobalSection(SolutionProperties) = preSolution
		HideSolutionNode = FALSE
	EndGlobalSection
	GlobalSection(ExtensibilityGlobals) = postSolution
		SolutionGuid = {4E149BA0-C927-423E-93CC-74E9CC4BD71A}
	EndGlobalSection
EndGlobal
